// !$*UTF8*$!
{
	archiveVersion = 1;
	classes = {
	};
	objectVersion = 46;
	objects = {

/* Begin PBXBuildFile section */
		634484BD1CB4D10D0095175D /* LTToolsTests.m in Sources */ = {isa = PBXBuildFile; fileRef = 634484BC1CB4D10D0095175D /* LTToolsTests.m */; };
		634484C81CB4D10D0095175D /* LTToolsUITests.m in Sources */ = {isa = PBXBuildFile; fileRef = 634484C71CB4D10D0095175D /* LTToolsUITests.m */; };
		634485851CB4F4650095175D /* WebKit.framework in Frameworks */ = {isa = PBXBuildFile; fileRef = 634485841CB4F4650095175D /* WebKit.framework */; };
		63B24ECE1CF2D92900DD6199 /* AppDelegate.m in Sources */ = {isa = PBXBuildFile; fileRef = 63B24E201CF2D92900DD6199 /* AppDelegate.m */; };
		63B24ECF1CF2D92900DD6199 /* Assets.xcassets in Resources */ = {isa = PBXBuildFile; fileRef = 63B24E211CF2D92900DD6199 /* Assets.xcassets */; };
		63B24ED01CF2D92900DD6199 /* LaunchScreen.storyboard in Resources */ = {isa = PBXBuildFile; fileRef = 63B24E221CF2D92900DD6199 /* LaunchScreen.storyboard */; };
		63B24ED11CF2D92900DD6199 /* BaseViewController.m in Sources */ = {isa = PBXBuildFile; fileRef = 63B24E251CF2D92900DD6199 /* BaseViewController.m */; };
		63B24ED21CF2D92900DD6199 /* Info.plist in Resources */ = {isa = PBXBuildFile; fileRef = 63B24E261CF2D92900DD6199 /* Info.plist */; };
		63B24ED31CF2D92900DD6199 /* ListKind.plist in Resources */ = {isa = PBXBuildFile; fileRef = 63B24E271CF2D92900DD6199 /* ListKind.plist */; };
		63B24ED41CF2D92900DD6199 /* NSData+LTCommon.m in Sources */ = {isa = PBXBuildFile; fileRef = 63B24E2C1CF2D92900DD6199 /* NSData+LTCommon.m */; };
		63B24ED51CF2D92900DD6199 /* NSDate+LTFormatter.m in Sources */ = {isa = PBXBuildFile; fileRef = 63B24E2F1CF2D92900DD6199 /* NSDate+LTFormatter.m */; };
		63B24ED61CF2D92900DD6199 /* NSObject+LTCommon.m in Sources */ = {isa = PBXBuildFile; fileRef = 63B24E321CF2D92900DD6199 /* NSObject+LTCommon.m */; };
		63B24ED71CF2D92900DD6199 /* NSString+html.m in Sources */ = {isa = PBXBuildFile; fileRef = 63B24E361CF2D92900DD6199 /* NSString+html.m */; };
		63B24ED81CF2D92900DD6199 /* NSString+LTEncryption.m in Sources */ = {isa = PBXBuildFile; fileRef = 63B24E381CF2D92900DD6199 /* NSString+LTEncryption.m */; };
		63B24ED91CF2D92900DD6199 /* NSString+LTJson.m in Sources */ = {isa = PBXBuildFile; fileRef = 63B24E3A1CF2D92900DD6199 /* NSString+LTJson.m */; };
		63B24EDA1CF2D92900DD6199 /* NSString+LTLocalizedString.m in Sources */ = {isa = PBXBuildFile; fileRef = 63B24E3C1CF2D92900DD6199 /* NSString+LTLocalizedString.m */; };
		63B24EDB1CF2D92900DD6199 /* NSString+LTRex.m in Sources */ = {isa = PBXBuildFile; fileRef = 63B24E3E1CF2D92900DD6199 /* NSString+LTRex.m */; };
		63B24EDC1CF2D92900DD6199 /* NSString+LTTransform.m in Sources */ = {isa = PBXBuildFile; fileRef = 63B24E401CF2D92900DD6199 /* NSString+LTTransform.m */; };
		63B24EDD1CF2D92900DD6199 /* LTAddressBookSelect.m in Sources */ = {isa = PBXBuildFile; fileRef = 63B24E451CF2D92900DD6199 /* LTAddressBookSelect.m */; };
		63B24EDE1CF2D92900DD6199 /* LTContactSelect.m in Sources */ = {isa = PBXBuildFile; fileRef = 63B24E471CF2D92900DD6199 /* LTContactSelect.m */; };
		63B24EDF1CF2D92900DD6199 /* LTContactsUIUtil.m in Sources */ = {isa = PBXBuildFile; fileRef = 63B24E491CF2D92900DD6199 /* LTContactsUIUtil.m */; };
		63B24EE01CF2D92900DD6199 /* LTAddressBookStore.m in Sources */ = {isa = PBXBuildFile; fileRef = 63B24E4C1CF2D92900DD6199 /* LTAddressBookStore.m */; };
		63B24EE11CF2D92900DD6199 /* LTContactsBase.m in Sources */ = {isa = PBXBuildFile; fileRef = 63B24E4E1CF2D92900DD6199 /* LTContactsBase.m */; };
		63B24EE21CF2D92900DD6199 /* LTContactsInfo.m in Sources */ = {isa = PBXBuildFile; fileRef = 63B24E501CF2D92900DD6199 /* LTContactsInfo.m */; };
		63B24EE31CF2D92900DD6199 /* LTContactStore.m in Sources */ = {isa = PBXBuildFile; fileRef = 63B24E521CF2D92900DD6199 /* LTContactStore.m */; };
		63B24EE41CF2D92900DD6199 /* LTContactsUtil.m in Sources */ = {isa = PBXBuildFile; fileRef = 63B24E541CF2D92900DD6199 /* LTContactsUtil.m */; };
		63B24EE51CF2D92900DD6199 /* LTInstallProcess.m in Sources */ = {isa = PBXBuildFile; fileRef = 63B24E591CF2D92900DD6199 /* LTInstallProcess.m */; };
		63B24EE61CF2D92900DD6199 /* LTLocation.m in Sources */ = {isa = PBXBuildFile; fileRef = 63B24E5C1CF2D92900DD6199 /* LTLocation.m */; };
		63B24EE71CF2D92900DD6199 /* LTLocalNotification.m in Sources */ = {isa = PBXBuildFile; fileRef = 63B24E5F1CF2D92900DD6199 /* LTLocalNotification.m */; };
		63B24EE81CF2D92900DD6199 /* LTOpenSettings.m in Sources */ = {isa = PBXBuildFile; fileRef = 63B24E621CF2D92900DD6199 /* LTOpenSettings.m */; };
		63B24EE91CF2D92900DD6199 /* LTPickerView.m in Sources */ = {isa = PBXBuildFile; fileRef = 63B24E651CF2D92900DD6199 /* LTPickerView.m */; };
		63B24EEA1CF2D92900DD6199 /* PickerViewController.m in Sources */ = {isa = PBXBuildFile; fileRef = 63B24E671CF2D92900DD6199 /* PickerViewController.m */; };
		63B24EEB1CF2D92900DD6199 /* LTPlistReader.m in Sources */ = {isa = PBXBuildFile; fileRef = 63B24E6A1CF2D92900DD6199 /* LTPlistReader.m */; };
		63B24EEC1CF2D92900DD6199 /* LTRequest.m in Sources */ = {isa = PBXBuildFile; fileRef = 63B24E6D1CF2D92900DD6199 /* LTRequest.m */; };
		63B24EED1CF2D92900DD6199 /* LTButton.m in Sources */ = {isa = PBXBuildFile; fileRef = 63B24E711CF2D92900DD6199 /* LTButton.m */; };
		63B24EEE1CF2D92900DD6199 /* LTSMSButton.m in Sources */ = {isa = PBXBuildFile; fileRef = 63B24E731CF2D92900DD6199 /* LTSMSButton.m */; };
		63B24EEF1CF2D92900DD6199 /* LTAlertView.m in Sources */ = {isa = PBXBuildFile; fileRef = 63B24E771CF2D92900DD6199 /* LTAlertView.m */; };
		63B24EF01CF2D92900DD6199 /* LTBadgeView.m in Sources */ = {isa = PBXBuildFile; fileRef = 63B24E7A1CF2D92900DD6199 /* LTBadgeView.m */; };
		63B24EF11CF2D92900DD6199 /* LTCipherText.m in Sources */ = {isa = PBXBuildFile; fileRef = 63B24E7D1CF2D92900DD6199 /* LTCipherText.m */; };
		63B24EF21CF2D92900DD6199 /* LTLoadingView.m in Sources */ = {isa = PBXBuildFile; fileRef = 63B24E801CF2D92900DD6199 /* LTLoadingView.m */; };
		63B24EF31CF2D92900DD6199 /* LTTitleActivityView.m in Sources */ = {isa = PBXBuildFile; fileRef = 63B24E831CF2D92900DD6199 /* LTTitleActivityView.m */; };
		63B24EF41CF2D92900DD6199 /* LTWebView.m in Sources */ = {isa = PBXBuildFile; fileRef = 63B24E861CF2D92900DD6199 /* LTWebView.m */; };
		63B24EF51CF2D92900DD6199 /* back.png in Resources */ = {isa = PBXBuildFile; fileRef = 63B24E881CF2D92900DD6199 /* back.png */; };
		63B24EF61CF2D92900DD6199 /* back@2x.png in Resources */ = {isa = PBXBuildFile; fileRef = 63B24E891CF2D92900DD6199 /* back@2x.png */; };
		63B24EF71CF2D92900DD6199 /* back@3x.png in Resources */ = {isa = PBXBuildFile; fileRef = 63B24E8A1CF2D92900DD6199 /* back@3x.png */; };
		63B24EF81CF2D92900DD6199 /* LTWebViewController.m in Sources */ = {isa = PBXBuildFile; fileRef = 63B24E8C1CF2D92900DD6199 /* LTWebViewController.m */; };
		63B24EF91CF2D92900DD6199 /* UIBarButtonItem+LTItem.m in Sources */ = {isa = PBXBuildFile; fileRef = 63B24E8F1CF2D92900DD6199 /* UIBarButtonItem+LTItem.m */; };
		63B24EFA1CF2D92900DD6199 /* UIColor+LTCommon.m in Sources */ = {isa = PBXBuildFile; fileRef = 63B24E921CF2D92900DD6199 /* UIColor+LTCommon.m */; };
		63B24EFB1CF2D92900DD6199 /* LTIOFlowBytes.m in Sources */ = {isa = PBXBuildFile; fileRef = 63B24E951CF2D92900DD6199 /* LTIOFlowBytes.m */; };
		63B24EFC1CF2D92900DD6199 /* UIDevice+LTCommon.m in Sources */ = {isa = PBXBuildFile; fileRef = 63B24E971CF2D92900DD6199 /* UIDevice+LTCommon.m */; };
		63B24EFD1CF2D92900DD6199 /* UIDevice+LTNet.m in Sources */ = {isa = PBXBuildFile; fileRef = 63B24E991CF2D92900DD6199 /* UIDevice+LTNet.m */; };
		63B24EFE1CF2D92900DD6199 /* UIDevice+LTUUID.m in Sources */ = {isa = PBXBuildFile; fileRef = 63B24E9B1CF2D92900DD6199 /* UIDevice+LTUUID.m */; };
		63B24EFF1CF2D92900DD6199 /* wwanconnect.c in Sources */ = {isa = PBXBuildFile; fileRef = 63B24E9C1CF2D92900DD6199 /* wwanconnect.c */; };
		63B24F001CF2D92900DD6199 /* UIImage+LTCommon.m in Sources */ = {isa = PBXBuildFile; fileRef = 63B24EA01CF2D92900DD6199 /* UIImage+LTCommon.m */; };
		63B24F011CF2D92900DD6199 /* UIView+LTCommon.m in Sources */ = {isa = PBXBuildFile; fileRef = 63B24EA31CF2D92900DD6199 /* UIView+LTCommon.m */; };
		63B24F021CF2D92900DD6199 /* UIView+LTTransform.m in Sources */ = {isa = PBXBuildFile; fileRef = 63B24EA51CF2D92900DD6199 /* UIView+LTTransform.m */; };
		63B24F031CF2D92900DD6199 /* UIViewController+LTUtil.m in Sources */ = {isa = PBXBuildFile; fileRef = 63B24EA81CF2D92900DD6199 /* UIViewController+LTUtil.m */; };
		63B24F041CF2D92900DD6199 /* main.m in Sources */ = {isa = PBXBuildFile; fileRef = 63B24EA91CF2D92900DD6199 /* main.m */; };
		63B24F051CF2D92900DD6199 /* NSDataVC.m in Sources */ = {isa = PBXBuildFile; fileRef = 63B24EAD1CF2D92900DD6199 /* NSDataVC.m */; };
		63B24F061CF2D92900DD6199 /* NSDateVC.m in Sources */ = {isa = PBXBuildFile; fileRef = 63B24EB01CF2D92900DD6199 /* NSDateVC.m */; };
		63B24F071CF2D92900DD6199 /* NSStringVC.m in Sources */ = {isa = PBXBuildFile; fileRef = 63B24EB31CF2D92900DD6199 /* NSStringVC.m */; };
		63B24F081CF2D92900DD6199 /* NSStringVC.xib in Resources */ = {isa = PBXBuildFile; fileRef = 63B24EB41CF2D92900DD6199 /* NSStringVC.xib */; };
		63B24F091CF2D92900DD6199 /* ContactsUIUtilVC.m in Sources */ = {isa = PBXBuildFile; fileRef = 63B24EB81CF2D92900DD6199 /* ContactsUIUtilVC.m */; };
		63B24F0A1CF2D92900DD6199 /* ContactsUIUtilVC.xib in Resources */ = {isa = PBXBuildFile; fileRef = 63B24EB91CF2D92900DD6199 /* ContactsUIUtilVC.xib */; };
		63B24F0B1CF2D92900DD6199 /* ContactsUtilVC.m in Sources */ = {isa = PBXBuildFile; fileRef = 63B24EBC1CF2D92900DD6199 /* ContactsUtilVC.m */; };
		63B24F0C1CF2D92900DD6199 /* InstallProcessLV.m in Sources */ = {isa = PBXBuildFile; fileRef = 63B24EBF1CF2D92900DD6199 /* InstallProcessLV.m */; };
		63B24F0D1CF2D92900DD6199 /* PickerViewVC.m in Sources */ = {isa = PBXBuildFile; fileRef = 63B24EC21CF2D92900DD6199 /* PickerViewVC.m */; };
		63B24F0E1CF2D92900DD6199 /* DemoWebViewController.m in Sources */ = {isa = PBXBuildFile; fileRef = 63B24EC61CF2D92900DD6199 /* DemoWebViewController.m */; };
		63B24F0F1CF2D92900DD6199 /* LTWebViewVCTest.m in Sources */ = {isa = PBXBuildFile; fileRef = 63B24EC81CF2D92900DD6199 /* LTWebViewVCTest.m */; };
		63B24F101CF2D92900DD6199 /* LTWebViewVC.m in Sources */ = {isa = PBXBuildFile; fileRef = 63B24ECB1CF2D92900DD6199 /* LTWebViewVC.m */; };
		63B24F111CF2D92900DD6199 /* ViewController.m in Sources */ = {isa = PBXBuildFile; fileRef = 63B24ECD1CF2D92900DD6199 /* ViewController.m */; };
		FB7061D4CE05FC3393FDC03D /* libPods.a in Frameworks */ = {isa = PBXBuildFile; fileRef = D21700C250717F72580A298C /* libPods.a */; };
/* End PBXBuildFile section */

/* Begin PBXContainerItemProxy section */
		634484B91CB4D10D0095175D /* PBXContainerItemProxy */ = {
			isa = PBXContainerItemProxy;
			containerPortal = 634484971CB4D10D0095175D /* Project object */;
			proxyType = 1;
			remoteGlobalIDString = 6344849E1CB4D10D0095175D;
			remoteInfo = LTTools;
		};
		634484C41CB4D10D0095175D /* PBXContainerItemProxy */ = {
			isa = PBXContainerItemProxy;
			containerPortal = 634484971CB4D10D0095175D /* Project object */;
			proxyType = 1;
			remoteGlobalIDString = 6344849E1CB4D10D0095175D;
			remoteInfo = LTTools;
		};
/* End PBXContainerItemProxy section */

/* Begin PBXFileReference section */
		38A919E37225DF8C1A08CA6D /* Pods.debug.xcconfig */ = {isa = PBXFileReference; includeInIndex = 1; lastKnownFileType = text.xcconfig; name = Pods.debug.xcconfig; path = "Pods/Target Support Files/Pods/Pods.debug.xcconfig"; sourceTree = "<group>"; };
		6344849F1CB4D10D0095175D /* LTTools.app */ = {isa = PBXFileReference; explicitFileType = wrapper.application; includeInIndex = 0; path = LTTools.app; sourceTree = BUILT_PRODUCTS_DIR; };
		634484B81CB4D10D0095175D /* LTToolsTests.xctest */ = {isa = PBXFileReference; explicitFileType = wrapper.cfbundle; includeInIndex = 0; path = LTToolsTests.xctest; sourceTree = BUILT_PRODUCTS_DIR; };
		634484BC1CB4D10D0095175D /* LTToolsTests.m */ = {isa = PBXFileReference; lastKnownFileType = sourcecode.c.objc; path = LTToolsTests.m; sourceTree = "<group>"; };
		634484BE1CB4D10D0095175D /* Info.plist */ = {isa = PBXFileReference; lastKnownFileType = text.plist.xml; path = Info.plist; sourceTree = "<group>"; };
		634484C31CB4D10D0095175D /* LTToolsUITests.xctest */ = {isa = PBXFileReference; explicitFileType = wrapper.cfbundle; includeInIndex = 0; path = LTToolsUITests.xctest; sourceTree = BUILT_PRODUCTS_DIR; };
		634484C71CB4D10D0095175D /* LTToolsUITests.m */ = {isa = PBXFileReference; lastKnownFileType = sourcecode.c.objc; path = LTToolsUITests.m; sourceTree = "<group>"; };
		634484C91CB4D10D0095175D /* Info.plist */ = {isa = PBXFileReference; lastKnownFileType = text.plist.xml; path = Info.plist; sourceTree = "<group>"; };
		634485841CB4F4650095175D /* WebKit.framework */ = {isa = PBXFileReference; lastKnownFileType = wrapper.framework; name = WebKit.framework; path = System/Library/PrivateFrameworks/WebKit.framework; sourceTree = SDKROOT; };
		63B24E1F1CF2D92900DD6199 /* AppDelegate.h */ = {isa = PBXFileReference; fileEncoding = 4; lastKnownFileType = sourcecode.c.h; path = AppDelegate.h; sourceTree = "<group>"; };
		63B24E201CF2D92900DD6199 /* AppDelegate.m */ = {isa = PBXFileReference; fileEncoding = 4; lastKnownFileType = sourcecode.c.objc; path = AppDelegate.m; sourceTree = "<group>"; };
		63B24E211CF2D92900DD6199 /* Assets.xcassets */ = {isa = PBXFileReference; lastKnownFileType = folder.assetcatalog; path = Assets.xcassets; sourceTree = "<group>"; };
		63B24E231CF2D92900DD6199 /* Base */ = {isa = PBXFileReference; lastKnownFileType = file.storyboard; name = Base; path = Base.lproj/LaunchScreen.storyboard; sourceTree = "<group>"; };
		63B24E241CF2D92900DD6199 /* BaseViewController.h */ = {isa = PBXFileReference; fileEncoding = 4; lastKnownFileType = sourcecode.c.h; path = BaseViewController.h; sourceTree = "<group>"; };
		63B24E251CF2D92900DD6199 /* BaseViewController.m */ = {isa = PBXFileReference; fileEncoding = 4; lastKnownFileType = sourcecode.c.objc; path = BaseViewController.m; sourceTree = "<group>"; };
		63B24E261CF2D92900DD6199 /* Info.plist */ = {isa = PBXFileReference; fileEncoding = 4; lastKnownFileType = text.plist.xml; path = Info.plist; sourceTree = "<group>"; };
		63B24E271CF2D92900DD6199 /* ListKind.plist */ = {isa = PBXFileReference; fileEncoding = 4; lastKnownFileType = text.plist.xml; path = ListKind.plist; sourceTree = "<group>"; };
		63B24E2B1CF2D92900DD6199 /* NSData+LTCommon.h */ = {isa = PBXFileReference; fileEncoding = 4; lastKnownFileType = sourcecode.c.h; path = "NSData+LTCommon.h"; sourceTree = "<group>"; };
		63B24E2C1CF2D92900DD6199 /* NSData+LTCommon.m */ = {isa = PBXFileReference; fileEncoding = 4; lastKnownFileType = sourcecode.c.objc; path = "NSData+LTCommon.m"; sourceTree = "<group>"; };
		63B24E2E1CF2D92900DD6199 /* NSDate+LTFormatter.h */ = {isa = PBXFileReference; fileEncoding = 4; lastKnownFileType = sourcecode.c.h; path = "NSDate+LTFormatter.h"; sourceTree = "<group>"; };
		63B24E2F1CF2D92900DD6199 /* NSDate+LTFormatter.m */ = {isa = PBXFileReference; fileEncoding = 4; lastKnownFileType = sourcecode.c.objc; path = "NSDate+LTFormatter.m"; sourceTree = "<group>"; };
		63B24E311CF2D92900DD6199 /* NSObject+LTCommon.h */ = {isa = PBXFileReference; fileEncoding = 4; lastKnownFileType = sourcecode.c.h; path = "NSObject+LTCommon.h"; sourceTree = "<group>"; };
		63B24E321CF2D92900DD6199 /* NSObject+LTCommon.m */ = {isa = PBXFileReference; fileEncoding = 4; lastKnownFileType = sourcecode.c.objc; path = "NSObject+LTCommon.m"; sourceTree = "<group>"; };
		63B24E331CF2D92900DD6199 /* NSObject_define.h */ = {isa = PBXFileReference; fileEncoding = 4; lastKnownFileType = sourcecode.c.h; path = NSObject_define.h; sourceTree = "<group>"; };
		63B24E351CF2D92900DD6199 /* NSString+html.h */ = {isa = PBXFileReference; fileEncoding = 4; lastKnownFileType = sourcecode.c.h; path = "NSString+html.h"; sourceTree = "<group>"; };
		63B24E361CF2D92900DD6199 /* NSString+html.m */ = {isa = PBXFileReference; fileEncoding = 4; lastKnownFileType = sourcecode.c.objc; path = "NSString+html.m"; sourceTree = "<group>"; };
		63B24E371CF2D92900DD6199 /* NSString+LTEncryption.h */ = {isa = PBXFileReference; fileEncoding = 4; lastKnownFileType = sourcecode.c.h; path = "NSString+LTEncryption.h"; sourceTree = "<group>"; };
		63B24E381CF2D92900DD6199 /* NSString+LTEncryption.m */ = {isa = PBXFileReference; fileEncoding = 4; lastKnownFileType = sourcecode.c.objc; path = "NSString+LTEncryption.m"; sourceTree = "<group>"; };
		63B24E391CF2D92900DD6199 /* NSString+LTJson.h */ = {isa = PBXFileReference; fileEncoding = 4; lastKnownFileType = sourcecode.c.h; path = "NSString+LTJson.h"; sourceTree = "<group>"; };
		63B24E3A1CF2D92900DD6199 /* NSString+LTJson.m */ = {isa = PBXFileReference; fileEncoding = 4; lastKnownFileType = sourcecode.c.objc; path = "NSString+LTJson.m"; sourceTree = "<group>"; };
		63B24E3B1CF2D92900DD6199 /* NSString+LTLocalizedString.h */ = {isa = PBXFileReference; fileEncoding = 4; lastKnownFileType = sourcecode.c.h; path = "NSString+LTLocalizedString.h"; sourceTree = "<group>"; };
		63B24E3C1CF2D92900DD6199 /* NSString+LTLocalizedString.m */ = {isa = PBXFileReference; fileEncoding = 4; lastKnownFileType = sourcecode.c.objc; path = "NSString+LTLocalizedString.m"; sourceTree = "<group>"; };
		63B24E3D1CF2D92900DD6199 /* NSString+LTRex.h */ = {isa = PBXFileReference; fileEncoding = 4; lastKnownFileType = sourcecode.c.h; path = "NSString+LTRex.h"; sourceTree = "<group>"; };
		63B24E3E1CF2D92900DD6199 /* NSString+LTRex.m */ = {isa = PBXFileReference; fileEncoding = 4; lastKnownFileType = sourcecode.c.objc; path = "NSString+LTRex.m"; sourceTree = "<group>"; };
		63B24E3F1CF2D92900DD6199 /* NSString+LTTransform.h */ = {isa = PBXFileReference; fileEncoding = 4; lastKnownFileType = sourcecode.c.h; path = "NSString+LTTransform.h"; sourceTree = "<group>"; };
		63B24E401CF2D92900DD6199 /* NSString+LTTransform.m */ = {isa = PBXFileReference; fileEncoding = 4; lastKnownFileType = sourcecode.c.objc; path = "NSString+LTTransform.m"; sourceTree = "<group>"; };
		63B24E441CF2D92900DD6199 /* LTAddressBookSelect.h */ = {isa = PBXFileReference; fileEncoding = 4; lastKnownFileType = sourcecode.c.h; path = LTAddressBookSelect.h; sourceTree = "<group>"; };
		63B24E451CF2D92900DD6199 /* LTAddressBookSelect.m */ = {isa = PBXFileReference; fileEncoding = 4; lastKnownFileType = sourcecode.c.objc; path = LTAddressBookSelect.m; sourceTree = "<group>"; };
		63B24E461CF2D92900DD6199 /* LTContactSelect.h */ = {isa = PBXFileReference; fileEncoding = 4; lastKnownFileType = sourcecode.c.h; path = LTContactSelect.h; sourceTree = "<group>"; };
		63B24E471CF2D92900DD6199 /* LTContactSelect.m */ = {isa = PBXFileReference; fileEncoding = 4; lastKnownFileType = sourcecode.c.objc; path = LTContactSelect.m; sourceTree = "<group>"; };
		63B24E481CF2D92900DD6199 /* LTContactsUIUtil.h */ = {isa = PBXFileReference; fileEncoding = 4; lastKnownFileType = sourcecode.c.h; path = LTContactsUIUtil.h; sourceTree = "<group>"; };
		63B24E491CF2D92900DD6199 /* LTContactsUIUtil.m */ = {isa = PBXFileReference; fileEncoding = 4; lastKnownFileType = sourcecode.c.objc; path = LTContactsUIUtil.m; sourceTree = "<group>"; };
		63B24E4B1CF2D92900DD6199 /* LTAddressBookStore.h */ = {isa = PBXFileReference; fileEncoding = 4; lastKnownFileType = sourcecode.c.h; path = LTAddressBookStore.h; sourceTree = "<group>"; };
		63B24E4C1CF2D92900DD6199 /* LTAddressBookStore.m */ = {isa = PBXFileReference; fileEncoding = 4; lastKnownFileType = sourcecode.c.objc; path = LTAddressBookStore.m; sourceTree = "<group>"; };
		63B24E4D1CF2D92900DD6199 /* LTContactsBase.h */ = {isa = PBXFileReference; fileEncoding = 4; lastKnownFileType = sourcecode.c.h; path = LTContactsBase.h; sourceTree = "<group>"; };
		63B24E4E1CF2D92900DD6199 /* LTContactsBase.m */ = {isa = PBXFileReference; fileEncoding = 4; lastKnownFileType = sourcecode.c.objc; path = LTContactsBase.m; sourceTree = "<group>"; };
		63B24E4F1CF2D92900DD6199 /* LTContactsInfo.h */ = {isa = PBXFileReference; fileEncoding = 4; lastKnownFileType = sourcecode.c.h; path = LTContactsInfo.h; sourceTree = "<group>"; };
		63B24E501CF2D92900DD6199 /* LTContactsInfo.m */ = {isa = PBXFileReference; fileEncoding = 4; lastKnownFileType = sourcecode.c.objc; path = LTContactsInfo.m; sourceTree = "<group>"; };
		63B24E511CF2D92900DD6199 /* LTContactStore.h */ = {isa = PBXFileReference; fileEncoding = 4; lastKnownFileType = sourcecode.c.h; path = LTContactStore.h; sourceTree = "<group>"; };
		63B24E521CF2D92900DD6199 /* LTContactStore.m */ = {isa = PBXFileReference; fileEncoding = 4; lastKnownFileType = sourcecode.c.objc; path = LTContactStore.m; sourceTree = "<group>"; };
		63B24E531CF2D92900DD6199 /* LTContactsUtil.h */ = {isa = PBXFileReference; fileEncoding = 4; lastKnownFileType = sourcecode.c.h; path = LTContactsUtil.h; sourceTree = "<group>"; };
		63B24E541CF2D92900DD6199 /* LTContactsUtil.m */ = {isa = PBXFileReference; fileEncoding = 4; lastKnownFileType = sourcecode.c.objc; path = LTContactsUtil.m; sourceTree = "<group>"; };
		63B24E561CF2D92900DD6199 /* LTDefineConstant.h */ = {isa = PBXFileReference; fileEncoding = 4; lastKnownFileType = sourcecode.c.h; path = LTDefineConstant.h; sourceTree = "<group>"; };
		63B24E581CF2D92900DD6199 /* LTInstallProcess.h */ = {isa = PBXFileReference; fileEncoding = 4; lastKnownFileType = sourcecode.c.h; path = LTInstallProcess.h; sourceTree = "<group>"; };
		63B24E591CF2D92900DD6199 /* LTInstallProcess.m */ = {isa = PBXFileReference; fileEncoding = 4; lastKnownFileType = sourcecode.c.objc; path = LTInstallProcess.m; sourceTree = "<group>"; };
		63B24E5B1CF2D92900DD6199 /* LTLocation.h */ = {isa = PBXFileReference; fileEncoding = 4; lastKnownFileType = sourcecode.c.h; path = LTLocation.h; sourceTree = "<group>"; };
		63B24E5C1CF2D92900DD6199 /* LTLocation.m */ = {isa = PBXFileReference; fileEncoding = 4; lastKnownFileType = sourcecode.c.objc; path = LTLocation.m; sourceTree = "<group>"; };
		63B24E5E1CF2D92900DD6199 /* LTLocalNotification.h */ = {isa = PBXFileReference; fileEncoding = 4; lastKnownFileType = sourcecode.c.h; path = LTLocalNotification.h; sourceTree = "<group>"; };
		63B24E5F1CF2D92900DD6199 /* LTLocalNotification.m */ = {isa = PBXFileReference; fileEncoding = 4; lastKnownFileType = sourcecode.c.objc; path = LTLocalNotification.m; sourceTree = "<group>"; };
		63B24E611CF2D92900DD6199 /* LTOpenSettings.h */ = {isa = PBXFileReference; fileEncoding = 4; lastKnownFileType = sourcecode.c.h; path = LTOpenSettings.h; sourceTree = "<group>"; };
		63B24E621CF2D92900DD6199 /* LTOpenSettings.m */ = {isa = PBXFileReference; fileEncoding = 4; lastKnownFileType = sourcecode.c.objc; path = LTOpenSettings.m; sourceTree = "<group>"; };
		63B24E641CF2D92900DD6199 /* LTPickerView.h */ = {isa = PBXFileReference; fileEncoding = 4; lastKnownFileType = sourcecode.c.h; path = LTPickerView.h; sourceTree = "<group>"; };
		63B24E651CF2D92900DD6199 /* LTPickerView.m */ = {isa = PBXFileReference; fileEncoding = 4; lastKnownFileType = sourcecode.c.objc; path = LTPickerView.m; sourceTree = "<group>"; };
		63B24E661CF2D92900DD6199 /* PickerViewController.h */ = {isa = PBXFileReference; fileEncoding = 4; lastKnownFileType = sourcecode.c.h; path = PickerViewController.h; sourceTree = "<group>"; };
		63B24E671CF2D92900DD6199 /* PickerViewController.m */ = {isa = PBXFileReference; fileEncoding = 4; lastKnownFileType = sourcecode.c.objc; path = PickerViewController.m; sourceTree = "<group>"; };
		63B24E691CF2D92900DD6199 /* LTPlistReader.h */ = {isa = PBXFileReference; fileEncoding = 4; lastKnownFileType = sourcecode.c.h; path = LTPlistReader.h; sourceTree = "<group>"; };
		63B24E6A1CF2D92900DD6199 /* LTPlistReader.m */ = {isa = PBXFileReference; fileEncoding = 4; lastKnownFileType = sourcecode.c.objc; path = LTPlistReader.m; sourceTree = "<group>"; };
		63B24E6C1CF2D92900DD6199 /* LTRequest.h */ = {isa = PBXFileReference; fileEncoding = 4; lastKnownFileType = sourcecode.c.h; path = LTRequest.h; sourceTree = "<group>"; };
		63B24E6D1CF2D92900DD6199 /* LTRequest.m */ = {isa = PBXFileReference; fileEncoding = 4; lastKnownFileType = sourcecode.c.objc; path = LTRequest.m; sourceTree = "<group>"; };
		63B24E701CF2D92900DD6199 /* LTButton.h */ = {isa = PBXFileReference; fileEncoding = 4; lastKnownFileType = sourcecode.c.h; path = LTButton.h; sourceTree = "<group>"; };
		63B24E711CF2D92900DD6199 /* LTButton.m */ = {isa = PBXFileReference; fileEncoding = 4; lastKnownFileType = sourcecode.c.objc; path = LTButton.m; sourceTree = "<group>"; };
		63B24E721CF2D92900DD6199 /* LTSMSButton.h */ = {isa = PBXFileReference; fileEncoding = 4; lastKnownFileType = sourcecode.c.h; path = LTSMSButton.h; sourceTree = "<group>"; };
		63B24E731CF2D92900DD6199 /* LTSMSButton.m */ = {isa = PBXFileReference; fileEncoding = 4; lastKnownFileType = sourcecode.c.objc; path = LTSMSButton.m; sourceTree = "<group>"; };
		63B24E761CF2D92900DD6199 /* LTAlertView.h */ = {isa = PBXFileReference; fileEncoding = 4; lastKnownFileType = sourcecode.c.h; path = LTAlertView.h; sourceTree = "<group>"; };
		63B24E771CF2D92900DD6199 /* LTAlertView.m */ = {isa = PBXFileReference; fileEncoding = 4; lastKnownFileType = sourcecode.c.objc; path = LTAlertView.m; sourceTree = "<group>"; };
		63B24E791CF2D92900DD6199 /* LTBadgeView.h */ = {isa = PBXFileReference; fileEncoding = 4; lastKnownFileType = sourcecode.c.h; path = LTBadgeView.h; sourceTree = "<group>"; };
		63B24E7A1CF2D92900DD6199 /* LTBadgeView.m */ = {isa = PBXFileReference; fileEncoding = 4; lastKnownFileType = sourcecode.c.objc; path = LTBadgeView.m; sourceTree = "<group>"; };
		63B24E7C1CF2D92900DD6199 /* LTCipherText.h */ = {isa = PBXFileReference; fileEncoding = 4; lastKnownFileType = sourcecode.c.h; path = LTCipherText.h; sourceTree = "<group>"; };
		63B24E7D1CF2D92900DD6199 /* LTCipherText.m */ = {isa = PBXFileReference; fileEncoding = 4; lastKnownFileType = sourcecode.c.objc; path = LTCipherText.m; sourceTree = "<group>"; };
		63B24E7F1CF2D92900DD6199 /* LTLoadingView.h */ = {isa = PBXFileReference; fileEncoding = 4; lastKnownFileType = sourcecode.c.h; path = LTLoadingView.h; sourceTree = "<group>"; };
		63B24E801CF2D92900DD6199 /* LTLoadingView.m */ = {isa = PBXFileReference; fileEncoding = 4; lastKnownFileType = sourcecode.c.objc; path = LTLoadingView.m; sourceTree = "<group>"; };
		63B24E821CF2D92900DD6199 /* LTTitleActivityView.h */ = {isa = PBXFileReference; fileEncoding = 4; lastKnownFileType = sourcecode.c.h; path = LTTitleActivityView.h; sourceTree = "<group>"; };
		63B24E831CF2D92900DD6199 /* LTTitleActivityView.m */ = {isa = PBXFileReference; fileEncoding = 4; lastKnownFileType = sourcecode.c.objc; path = LTTitleActivityView.m; sourceTree = "<group>"; };
		63B24E851CF2D92900DD6199 /* LTWebView.h */ = {isa = PBXFileReference; fileEncoding = 4; lastKnownFileType = sourcecode.c.h; path = LTWebView.h; sourceTree = "<group>"; };
		63B24E861CF2D92900DD6199 /* LTWebView.m */ = {isa = PBXFileReference; fileEncoding = 4; lastKnownFileType = sourcecode.c.objc; path = LTWebView.m; sourceTree = "<group>"; };
		63B24E881CF2D92900DD6199 /* back.png */ = {isa = PBXFileReference; lastKnownFileType = image.png; path = back.png; sourceTree = "<group>"; };
		63B24E891CF2D92900DD6199 /* back@2x.png */ = {isa = PBXFileReference; lastKnownFileType = image.png; path = "back@2x.png"; sourceTree = "<group>"; };
		63B24E8A1CF2D92900DD6199 /* back@3x.png */ = {isa = PBXFileReference; lastKnownFileType = image.png; path = "back@3x.png"; sourceTree = "<group>"; };
		63B24E8B1CF2D92900DD6199 /* LTWebViewController.h */ = {isa = PBXFileReference; fileEncoding = 4; lastKnownFileType = sourcecode.c.h; path = LTWebViewController.h; sourceTree = "<group>"; };
		63B24E8C1CF2D92900DD6199 /* LTWebViewController.m */ = {isa = PBXFileReference; fileEncoding = 4; lastKnownFileType = sourcecode.c.objc; path = LTWebViewController.m; sourceTree = "<group>"; };
		63B24E8E1CF2D92900DD6199 /* UIBarButtonItem+LTItem.h */ = {isa = PBXFileReference; fileEncoding = 4; lastKnownFileType = sourcecode.c.h; path = "UIBarButtonItem+LTItem.h"; sourceTree = "<group>"; };
		63B24E8F1CF2D92900DD6199 /* UIBarButtonItem+LTItem.m */ = {isa = PBXFileReference; fileEncoding = 4; lastKnownFileType = sourcecode.c.objc; path = "UIBarButtonItem+LTItem.m"; sourceTree = "<group>"; };
		63B24E911CF2D92900DD6199 /* UIColor+LTCommon.h */ = {isa = PBXFileReference; fileEncoding = 4; lastKnownFileType = sourcecode.c.h; path = "UIColor+LTCommon.h"; sourceTree = "<group>"; };
		63B24E921CF2D92900DD6199 /* UIColor+LTCommon.m */ = {isa = PBXFileReference; fileEncoding = 4; lastKnownFileType = sourcecode.c.objc; path = "UIColor+LTCommon.m"; sourceTree = "<group>"; };
		63B24E941CF2D92900DD6199 /* LTIOFlowBytes.h */ = {isa = PBXFileReference; fileEncoding = 4; lastKnownFileType = sourcecode.c.h; path = LTIOFlowBytes.h; sourceTree = "<group>"; };
		63B24E951CF2D92900DD6199 /* LTIOFlowBytes.m */ = {isa = PBXFileReference; fileEncoding = 4; lastKnownFileType = sourcecode.c.objc; path = LTIOFlowBytes.m; sourceTree = "<group>"; };
		63B24E961CF2D92900DD6199 /* UIDevice+LTCommon.h */ = {isa = PBXFileReference; fileEncoding = 4; lastKnownFileType = sourcecode.c.h; path = "UIDevice+LTCommon.h"; sourceTree = "<group>"; };
		63B24E971CF2D92900DD6199 /* UIDevice+LTCommon.m */ = {isa = PBXFileReference; fileEncoding = 4; lastKnownFileType = sourcecode.c.objc; path = "UIDevice+LTCommon.m"; sourceTree = "<group>"; };
		63B24E981CF2D92900DD6199 /* UIDevice+LTNet.h */ = {isa = PBXFileReference; fileEncoding = 4; lastKnownFileType = sourcecode.c.h; path = "UIDevice+LTNet.h"; sourceTree = "<group>"; };
		63B24E991CF2D92900DD6199 /* UIDevice+LTNet.m */ = {isa = PBXFileReference; fileEncoding = 4; lastKnownFileType = sourcecode.c.objc; path = "UIDevice+LTNet.m"; sourceTree = "<group>"; };
		63B24E9A1CF2D92900DD6199 /* UIDevice+LTUUID.h */ = {isa = PBXFileReference; fileEncoding = 4; lastKnownFileType = sourcecode.c.h; path = "UIDevice+LTUUID.h"; sourceTree = "<group>"; };
		63B24E9B1CF2D92900DD6199 /* UIDevice+LTUUID.m */ = {isa = PBXFileReference; fileEncoding = 4; lastKnownFileType = sourcecode.c.objc; path = "UIDevice+LTUUID.m"; sourceTree = "<group>"; };
		63B24E9C1CF2D92900DD6199 /* wwanconnect.c */ = {isa = PBXFileReference; fileEncoding = 4; lastKnownFileType = sourcecode.c.c; path = wwanconnect.c; sourceTree = "<group>"; };
		63B24E9D1CF2D92900DD6199 /* wwanconnect.h */ = {isa = PBXFileReference; fileEncoding = 4; lastKnownFileType = sourcecode.c.h; path = wwanconnect.h; sourceTree = "<group>"; };
		63B24E9F1CF2D92900DD6199 /* UIImage+LTCommon.h */ = {isa = PBXFileReference; fileEncoding = 4; lastKnownFileType = sourcecode.c.h; path = "UIImage+LTCommon.h"; sourceTree = "<group>"; };
		63B24EA01CF2D92900DD6199 /* UIImage+LTCommon.m */ = {isa = PBXFileReference; fileEncoding = 4; lastKnownFileType = sourcecode.c.objc; path = "UIImage+LTCommon.m"; sourceTree = "<group>"; };
		63B24EA21CF2D92900DD6199 /* UIView+LTCommon.h */ = {isa = PBXFileReference; fileEncoding = 4; lastKnownFileType = sourcecode.c.h; path = "UIView+LTCommon.h"; sourceTree = "<group>"; };
		63B24EA31CF2D92900DD6199 /* UIView+LTCommon.m */ = {isa = PBXFileReference; fileEncoding = 4; lastKnownFileType = sourcecode.c.objc; path = "UIView+LTCommon.m"; sourceTree = "<group>"; };
		63B24EA41CF2D92900DD6199 /* UIView+LTTransform.h */ = {isa = PBXFileReference; fileEncoding = 4; lastKnownFileType = sourcecode.c.h; path = "UIView+LTTransform.h"; sourceTree = "<group>"; };
		63B24EA51CF2D92900DD6199 /* UIView+LTTransform.m */ = {isa = PBXFileReference; fileEncoding = 4; lastKnownFileType = sourcecode.c.objc; path = "UIView+LTTransform.m"; sourceTree = "<group>"; };
		63B24EA71CF2D92900DD6199 /* UIViewController+LTUtil.h */ = {isa = PBXFileReference; fileEncoding = 4; lastKnownFileType = sourcecode.c.h; path = "UIViewController+LTUtil.h"; sourceTree = "<group>"; };
		63B24EA81CF2D92900DD6199 /* UIViewController+LTUtil.m */ = {isa = PBXFileReference; fileEncoding = 4; lastKnownFileType = sourcecode.c.objc; path = "UIViewController+LTUtil.m"; sourceTree = "<group>"; };
		63B24EA91CF2D92900DD6199 /* main.m */ = {isa = PBXFileReference; fileEncoding = 4; lastKnownFileType = sourcecode.c.objc; path = main.m; sourceTree = "<group>"; };
		63B24EAC1CF2D92900DD6199 /* NSDataVC.h */ = {isa = PBXFileReference; fileEncoding = 4; lastKnownFileType = sourcecode.c.h; path = NSDataVC.h; sourceTree = "<group>"; };
		63B24EAD1CF2D92900DD6199 /* NSDataVC.m */ = {isa = PBXFileReference; fileEncoding = 4; lastKnownFileType = sourcecode.c.objc; path = NSDataVC.m; sourceTree = "<group>"; };
		63B24EAF1CF2D92900DD6199 /* NSDateVC.h */ = {isa = PBXFileReference; fileEncoding = 4; lastKnownFileType = sourcecode.c.h; path = NSDateVC.h; sourceTree = "<group>"; };
		63B24EB01CF2D92900DD6199 /* NSDateVC.m */ = {isa = PBXFileReference; fileEncoding = 4; lastKnownFileType = sourcecode.c.objc; path = NSDateVC.m; sourceTree = "<group>"; };
		63B24EB21CF2D92900DD6199 /* NSStringVC.h */ = {isa = PBXFileReference; fileEncoding = 4; lastKnownFileType = sourcecode.c.h; path = NSStringVC.h; sourceTree = "<group>"; };
		63B24EB31CF2D92900DD6199 /* NSStringVC.m */ = {isa = PBXFileReference; fileEncoding = 4; lastKnownFileType = sourcecode.c.objc; path = NSStringVC.m; sourceTree = "<group>"; };
		63B24EB41CF2D92900DD6199 /* NSStringVC.xib */ = {isa = PBXFileReference; fileEncoding = 4; lastKnownFileType = file.xib; path = NSStringVC.xib; sourceTree = "<group>"; };
		63B24EB71CF2D92900DD6199 /* ContactsUIUtilVC.h */ = {isa = PBXFileReference; fileEncoding = 4; lastKnownFileType = sourcecode.c.h; path = ContactsUIUtilVC.h; sourceTree = "<group>"; };
		63B24EB81CF2D92900DD6199 /* ContactsUIUtilVC.m */ = {isa = PBXFileReference; fileEncoding = 4; lastKnownFileType = sourcecode.c.objc; path = ContactsUIUtilVC.m; sourceTree = "<group>"; };
		63B24EB91CF2D92900DD6199 /* ContactsUIUtilVC.xib */ = {isa = PBXFileReference; fileEncoding = 4; lastKnownFileType = file.xib; path = ContactsUIUtilVC.xib; sourceTree = "<group>"; };
		63B24EBB1CF2D92900DD6199 /* ContactsUtilVC.h */ = {isa = PBXFileReference; fileEncoding = 4; lastKnownFileType = sourcecode.c.h; path = ContactsUtilVC.h; sourceTree = "<group>"; };
		63B24EBC1CF2D92900DD6199 /* ContactsUtilVC.m */ = {isa = PBXFileReference; fileEncoding = 4; lastKnownFileType = sourcecode.c.objc; path = ContactsUtilVC.m; sourceTree = "<group>"; };
		63B24EBE1CF2D92900DD6199 /* InstallProcessLV.h */ = {isa = PBXFileReference; fileEncoding = 4; lastKnownFileType = sourcecode.c.h; path = InstallProcessLV.h; sourceTree = "<group>"; };
		63B24EBF1CF2D92900DD6199 /* InstallProcessLV.m */ = {isa = PBXFileReference; fileEncoding = 4; lastKnownFileType = sourcecode.c.objc; path = InstallProcessLV.m; sourceTree = "<group>"; };
		63B24EC11CF2D92900DD6199 /* PickerViewVC.h */ = {isa = PBXFileReference; fileEncoding = 4; lastKnownFileType = sourcecode.c.h; path = PickerViewVC.h; sourceTree = "<group>"; };
		63B24EC21CF2D92900DD6199 /* PickerViewVC.m */ = {isa = PBXFileReference; fileEncoding = 4; lastKnownFileType = sourcecode.c.objc; path = PickerViewVC.m; sourceTree = "<group>"; };
		63B24EC51CF2D92900DD6199 /* DemoWebViewController.h */ = {isa = PBXFileReference; fileEncoding = 4; lastKnownFileType = sourcecode.c.h; path = DemoWebViewController.h; sourceTree = "<group>"; };
		63B24EC61CF2D92900DD6199 /* DemoWebViewController.m */ = {isa = PBXFileReference; fileEncoding = 4; lastKnownFileType = sourcecode.c.objc; path = DemoWebViewController.m; sourceTree = "<group>"; };
		63B24EC71CF2D92900DD6199 /* LTWebViewVCTest.h */ = {isa = PBXFileReference; fileEncoding = 4; lastKnownFileType = sourcecode.c.h; path = LTWebViewVCTest.h; sourceTree = "<group>"; };
		63B24EC81CF2D92900DD6199 /* LTWebViewVCTest.m */ = {isa = PBXFileReference; fileEncoding = 4; lastKnownFileType = sourcecode.c.objc; path = LTWebViewVCTest.m; sourceTree = "<group>"; };
		63B24ECA1CF2D92900DD6199 /* LTWebViewVC.h */ = {isa = PBXFileReference; fileEncoding = 4; lastKnownFileType = sourcecode.c.h; path = LTWebViewVC.h; sourceTree = "<group>"; };
		63B24ECB1CF2D92900DD6199 /* LTWebViewVC.m */ = {isa = PBXFileReference; fileEncoding = 4; lastKnownFileType = sourcecode.c.objc; path = LTWebViewVC.m; sourceTree = "<group>"; };
		63B24ECC1CF2D92900DD6199 /* ViewController.h */ = {isa = PBXFileReference; fileEncoding = 4; lastKnownFileType = sourcecode.c.h; path = ViewController.h; sourceTree = "<group>"; };
		63B24ECD1CF2D92900DD6199 /* ViewController.m */ = {isa = PBXFileReference; fileEncoding = 4; lastKnownFileType = sourcecode.c.objc; path = ViewController.m; sourceTree = "<group>"; };
		6AA9566431BE37D8CEEB6B9D /* Pods.release.xcconfig */ = {isa = PBXFileReference; includeInIndex = 1; lastKnownFileType = text.xcconfig; name = Pods.release.xcconfig; path = "Pods/Target Support Files/Pods/Pods.release.xcconfig"; sourceTree = "<group>"; };
		D21700C250717F72580A298C /* libPods.a */ = {isa = PBXFileReference; explicitFileType = archive.ar; includeInIndex = 0; path = libPods.a; sourceTree = BUILT_PRODUCTS_DIR; };
/* End PBXFileReference section */

/* Begin PBXFrameworksBuildPhase section */
		6344849C1CB4D10D0095175D /* Frameworks */ = {
			isa = PBXFrameworksBuildPhase;
			buildActionMask = 2147483647;
			files = (
				634485851CB4F4650095175D /* WebKit.framework in Frameworks */,
				FB7061D4CE05FC3393FDC03D /* libPods.a in Frameworks */,
			);
			runOnlyForDeploymentPostprocessing = 0;
		};
		634484B51CB4D10D0095175D /* Frameworks */ = {
			isa = PBXFrameworksBuildPhase;
			buildActionMask = 2147483647;
			files = (
			);
			runOnlyForDeploymentPostprocessing = 0;
		};
		634484C01CB4D10D0095175D /* Frameworks */ = {
			isa = PBXFrameworksBuildPhase;
			buildActionMask = 2147483647;
			files = (
			);
			runOnlyForDeploymentPostprocessing = 0;
		};
/* End PBXFrameworksBuildPhase section */

/* Begin PBXGroup section */
		634484961CB4D10D0095175D = {
			isa = PBXGroup;
			children = (
				63B24E1E1CF2D92900DD6199 /* LTTools */,
				634484BB1CB4D10D0095175D /* LTToolsTests */,
				634484C61CB4D10D0095175D /* LTToolsUITests */,
				634484A01CB4D10D0095175D /* Products */,
				6ACCE7581108BB6566D5D106 /* Pods */,
				C9AEC221F764B677E83958ED /* Frameworks */,
			);
			sourceTree = "<group>";
		};
		634484A01CB4D10D0095175D /* Products */ = {
			isa = PBXGroup;
			children = (
				6344849F1CB4D10D0095175D /* LTTools.app */,
				634484B81CB4D10D0095175D /* LTToolsTests.xctest */,
				634484C31CB4D10D0095175D /* LTToolsUITests.xctest */,
			);
			name = Products;
			sourceTree = "<group>";
		};
		634484BB1CB4D10D0095175D /* LTToolsTests */ = {
			isa = PBXGroup;
			children = (
				634484BC1CB4D10D0095175D /* LTToolsTests.m */,
				634484BE1CB4D10D0095175D /* Info.plist */,
			);
			path = LTToolsTests;
			sourceTree = "<group>";
		};
		634484C61CB4D10D0095175D /* LTToolsUITests */ = {
			isa = PBXGroup;
			children = (
				634484C71CB4D10D0095175D /* LTToolsUITests.m */,
				634484C91CB4D10D0095175D /* Info.plist */,
			);
			path = LTToolsUITests;
			sourceTree = "<group>";
		};
		63B24E1E1CF2D92900DD6199 /* LTTools */ = {
			isa = PBXGroup;
			children = (
				63B24E1F1CF2D92900DD6199 /* AppDelegate.h */,
				63B24E201CF2D92900DD6199 /* AppDelegate.m */,
				63B24E211CF2D92900DD6199 /* Assets.xcassets */,
				63B24E221CF2D92900DD6199 /* LaunchScreen.storyboard */,
				63B24E241CF2D92900DD6199 /* BaseViewController.h */,
				63B24E251CF2D92900DD6199 /* BaseViewController.m */,
				63B24E261CF2D92900DD6199 /* Info.plist */,
				63B24E271CF2D92900DD6199 /* ListKind.plist */,
				63B24E281CF2D92900DD6199 /* LTTools */,
				63B24EA91CF2D92900DD6199 /* main.m */,
				63B24EAA1CF2D92900DD6199 /* NSVC */,
				63B24EB51CF2D92900DD6199 /* OtherVC */,
				63B24EC31CF2D92900DD6199 /* UIVC */,
				63B24ECC1CF2D92900DD6199 /* ViewController.h */,
				63B24ECD1CF2D92900DD6199 /* ViewController.m */,
			);
			path = LTTools;
			sourceTree = "<group>";
		};
		63B24E281CF2D92900DD6199 /* LTTools */ = {
			isa = PBXGroup;
			children = (
				63B24E291CF2D92900DD6199 /* LTNS */,
				63B24E411CF2D92900DD6199 /* LTOther */,
				63B24E6E1CF2D92900DD6199 /* LTUI */,
			);
			path = LTTools;
			sourceTree = "<group>";
		};
		63B24E291CF2D92900DD6199 /* LTNS */ = {
			isa = PBXGroup;
			children = (
				63B24E2A1CF2D92900DD6199 /* NSData */,
				63B24E2D1CF2D92900DD6199 /* NSDate */,
				63B24E301CF2D92900DD6199 /* NSObject */,
				63B24E341CF2D92900DD6199 /* NSString */,
			);
			path = LTNS;
			sourceTree = "<group>";
		};
		63B24E2A1CF2D92900DD6199 /* NSData */ = {
			isa = PBXGroup;
			children = (
				63B24E2B1CF2D92900DD6199 /* NSData+LTCommon.h */,
				63B24E2C1CF2D92900DD6199 /* NSData+LTCommon.m */,
			);
			path = NSData;
			sourceTree = "<group>";
		};
		63B24E2D1CF2D92900DD6199 /* NSDate */ = {
			isa = PBXGroup;
			children = (
				63B24E2E1CF2D92900DD6199 /* NSDate+LTFormatter.h */,
				63B24E2F1CF2D92900DD6199 /* NSDate+LTFormatter.m */,
			);
			path = NSDate;
			sourceTree = "<group>";
		};
		63B24E301CF2D92900DD6199 /* NSObject */ = {
			isa = PBXGroup;
			children = (
				63B24E311CF2D92900DD6199 /* NSObject+LTCommon.h */,
				63B24E321CF2D92900DD6199 /* NSObject+LTCommon.m */,
				63B24E331CF2D92900DD6199 /* NSObject_define.h */,
			);
			path = NSObject;
			sourceTree = "<group>";
		};
		63B24E341CF2D92900DD6199 /* NSString */ = {
			isa = PBXGroup;
			children = (
				63B24E351CF2D92900DD6199 /* NSString+html.h */,
				63B24E361CF2D92900DD6199 /* NSString+html.m */,
				63B24E371CF2D92900DD6199 /* NSString+LTEncryption.h */,
				63B24E381CF2D92900DD6199 /* NSString+LTEncryption.m */,
				63B24E391CF2D92900DD6199 /* NSString+LTJson.h */,
				63B24E3A1CF2D92900DD6199 /* NSString+LTJson.m */,
				63B24E3B1CF2D92900DD6199 /* NSString+LTLocalizedString.h */,
				63B24E3C1CF2D92900DD6199 /* NSString+LTLocalizedString.m */,
				63B24E3D1CF2D92900DD6199 /* NSString+LTRex.h */,
				63B24E3E1CF2D92900DD6199 /* NSString+LTRex.m */,
				63B24E3F1CF2D92900DD6199 /* NSString+LTTransform.h */,
				63B24E401CF2D92900DD6199 /* NSString+LTTransform.m */,
			);
			path = NSString;
			sourceTree = "<group>";
		};
		63B24E411CF2D92900DD6199 /* LTOther */ = {
			isa = PBXGroup;
			children = (
				63B24E421CF2D92900DD6199 /* LTContactsUtil */,
				63B24E551CF2D92900DD6199 /* LTDefine */,
				63B24E571CF2D92900DD6199 /* LTInstallProcess */,
				63B24E5A1CF2D92900DD6199 /* LTLocation */,
				63B24E5D1CF2D92900DD6199 /* LTNotification */,
				63B24E601CF2D92900DD6199 /* LTOpenSettings */,
				63B24E631CF2D92900DD6199 /* LTPickerView */,
				63B24E681CF2D92900DD6199 /* LTPlistReader */,
				63B24E6B1CF2D92900DD6199 /* LTRequest */,
			);
			path = LTOther;
			sourceTree = "<group>";
		};
		63B24E421CF2D92900DD6199 /* LTContactsUtil */ = {
			isa = PBXGroup;
			children = (
				63B24E431CF2D92900DD6199 /* LTContactsUIUtil */,
				63B24E4A1CF2D92900DD6199 /* LTContactsUtil */,
			);
			path = LTContactsUtil;
			sourceTree = "<group>";
		};
		63B24E431CF2D92900DD6199 /* LTContactsUIUtil */ = {
			isa = PBXGroup;
			children = (
				63B24E441CF2D92900DD6199 /* LTAddressBookSelect.h */,
				63B24E451CF2D92900DD6199 /* LTAddressBookSelect.m */,
				63B24E461CF2D92900DD6199 /* LTContactSelect.h */,
				63B24E471CF2D92900DD6199 /* LTContactSelect.m */,
				63B24E481CF2D92900DD6199 /* LTContactsUIUtil.h */,
				63B24E491CF2D92900DD6199 /* LTContactsUIUtil.m */,
			);
			path = LTContactsUIUtil;
			sourceTree = "<group>";
		};
		63B24E4A1CF2D92900DD6199 /* LTContactsUtil */ = {
			isa = PBXGroup;
			children = (
				63B24E4B1CF2D92900DD6199 /* LTAddressBookStore.h */,
				63B24E4C1CF2D92900DD6199 /* LTAddressBookStore.m */,
				63B24E4D1CF2D92900DD6199 /* LTContactsBase.h */,
				63B24E4E1CF2D92900DD6199 /* LTContactsBase.m */,
				63B24E4F1CF2D92900DD6199 /* LTContactsInfo.h */,
				63B24E501CF2D92900DD6199 /* LTContactsInfo.m */,
				63B24E511CF2D92900DD6199 /* LTContactStore.h */,
				63B24E521CF2D92900DD6199 /* LTContactStore.m */,
				63B24E531CF2D92900DD6199 /* LTContactsUtil.h */,
				63B24E541CF2D92900DD6199 /* LTContactsUtil.m */,
			);
			path = LTContactsUtil;
			sourceTree = "<group>";
		};
		63B24E551CF2D92900DD6199 /* LTDefine */ = {
			isa = PBXGroup;
			children = (
				63B24E561CF2D92900DD6199 /* LTDefineConstant.h */,
			);
			path = LTDefine;
			sourceTree = "<group>";
		};
		63B24E571CF2D92900DD6199 /* LTInstallProcess */ = {
			isa = PBXGroup;
			children = (
				63B24E581CF2D92900DD6199 /* LTInstallProcess.h */,
				63B24E591CF2D92900DD6199 /* LTInstallProcess.m */,
			);
			path = LTInstallProcess;
			sourceTree = "<group>";
		};
		63B24E5A1CF2D92900DD6199 /* LTLocation */ = {
			isa = PBXGroup;
			children = (
				63B24E5B1CF2D92900DD6199 /* LTLocation.h */,
				63B24E5C1CF2D92900DD6199 /* LTLocation.m */,
			);
			path = LTLocation;
			sourceTree = "<group>";
		};
		63B24E5D1CF2D92900DD6199 /* LTNotification */ = {
			isa = PBXGroup;
			children = (
				63B24E5E1CF2D92900DD6199 /* LTLocalNotification.h */,
				63B24E5F1CF2D92900DD6199 /* LTLocalNotification.m */,
			);
			path = LTNotification;
			sourceTree = "<group>";
		};
		63B24E601CF2D92900DD6199 /* LTOpenSettings */ = {
			isa = PBXGroup;
			children = (
				63B24E611CF2D92900DD6199 /* LTOpenSettings.h */,
				63B24E621CF2D92900DD6199 /* LTOpenSettings.m */,
			);
			path = LTOpenSettings;
			sourceTree = "<group>";
		};
		63B24E631CF2D92900DD6199 /* LTPickerView */ = {
			isa = PBXGroup;
			children = (
				63B24E641CF2D92900DD6199 /* LTPickerView.h */,
				63B24E651CF2D92900DD6199 /* LTPickerView.m */,
				63B24E661CF2D92900DD6199 /* PickerViewController.h */,
				63B24E671CF2D92900DD6199 /* PickerViewController.m */,
			);
			path = LTPickerView;
			sourceTree = "<group>";
		};
		63B24E681CF2D92900DD6199 /* LTPlistReader */ = {
			isa = PBXGroup;
			children = (
				63B24E691CF2D92900DD6199 /* LTPlistReader.h */,
				63B24E6A1CF2D92900DD6199 /* LTPlistReader.m */,
			);
			path = LTPlistReader;
			sourceTree = "<group>";
		};
		63B24E6B1CF2D92900DD6199 /* LTRequest */ = {
			isa = PBXGroup;
			children = (
				63B24E6C1CF2D92900DD6199 /* LTRequest.h */,
				63B24E6D1CF2D92900DD6199 /* LTRequest.m */,
			);
			path = LTRequest;
			sourceTree = "<group>";
		};
		63B24E6E1CF2D92900DD6199 /* LTUI */ = {
			isa = PBXGroup;
			children = (
				63B24E6F1CF2D92900DD6199 /* LTButton */,
				63B24E741CF2D92900DD6199 /* LTView */,
				63B24E8D1CF2D92900DD6199 /* UIBarButtonItem */,
				63B24E901CF2D92900DD6199 /* UIColor */,
				63B24E931CF2D92900DD6199 /* UIDevice */,
				63B24E9E1CF2D92900DD6199 /* UIImage */,
				63B24EA11CF2D92900DD6199 /* UIView */,
				63B24EA61CF2D92900DD6199 /* UIViewController */,
			);
			path = LTUI;
			sourceTree = "<group>";
		};
		63B24E6F1CF2D92900DD6199 /* LTButton */ = {
			isa = PBXGroup;
			children = (
				63B24E701CF2D92900DD6199 /* LTButton.h */,
				63B24E711CF2D92900DD6199 /* LTButton.m */,
				63B24E721CF2D92900DD6199 /* LTSMSButton.h */,
				63B24E731CF2D92900DD6199 /* LTSMSButton.m */,
			);
			path = LTButton;
			sourceTree = "<group>";
		};
		63B24E741CF2D92900DD6199 /* LTView */ = {
			isa = PBXGroup;
			children = (
				63B24E751CF2D92900DD6199 /* LTAlertView */,
				63B24E781CF2D92900DD6199 /* LTBadgeView */,
				63B24E7B1CF2D92900DD6199 /* LTCipherText */,
				63B24E7E1CF2D92900DD6199 /* LTLoadingView */,
				63B24E811CF2D92900DD6199 /* LTTitleActivityView */,
				63B24E841CF2D92900DD6199 /* LTWebView */,
			);
			path = LTView;
			sourceTree = "<group>";
		};
		63B24E751CF2D92900DD6199 /* LTAlertView */ = {
			isa = PBXGroup;
			children = (
				63B24E761CF2D92900DD6199 /* LTAlertView.h */,
				63B24E771CF2D92900DD6199 /* LTAlertView.m */,
			);
			path = LTAlertView;
			sourceTree = "<group>";
		};
		63B24E781CF2D92900DD6199 /* LTBadgeView */ = {
			isa = PBXGroup;
			children = (
				63B24E791CF2D92900DD6199 /* LTBadgeView.h */,
				63B24E7A1CF2D92900DD6199 /* LTBadgeView.m */,
			);
			path = LTBadgeView;
			sourceTree = "<group>";
		};
		63B24E7B1CF2D92900DD6199 /* LTCipherText */ = {
			isa = PBXGroup;
			children = (
				63B24E7C1CF2D92900DD6199 /* LTCipherText.h */,
				63B24E7D1CF2D92900DD6199 /* LTCipherText.m */,
			);
			path = LTCipherText;
			sourceTree = "<group>";
		};
		63B24E7E1CF2D92900DD6199 /* LTLoadingView */ = {
			isa = PBXGroup;
			children = (
				63B24E7F1CF2D92900DD6199 /* LTLoadingView.h */,
				63B24E801CF2D92900DD6199 /* LTLoadingView.m */,
			);
			path = LTLoadingView;
			sourceTree = "<group>";
		};
		63B24E811CF2D92900DD6199 /* LTTitleActivityView */ = {
			isa = PBXGroup;
			children = (
				63B24E821CF2D92900DD6199 /* LTTitleActivityView.h */,
				63B24E831CF2D92900DD6199 /* LTTitleActivityView.m */,
			);
			path = LTTitleActivityView;
			sourceTree = "<group>";
		};
		63B24E841CF2D92900DD6199 /* LTWebView */ = {
			isa = PBXGroup;
			children = (
				63B24E851CF2D92900DD6199 /* LTWebView.h */,
				63B24E861CF2D92900DD6199 /* LTWebView.m */,
				63B24E871CF2D92900DD6199 /* LTWebViewController */,
			);
			path = LTWebView;
			sourceTree = "<group>";
		};
		63B24E871CF2D92900DD6199 /* LTWebViewController */ = {
			isa = PBXGroup;
			children = (
				63B24E881CF2D92900DD6199 /* back.png */,
				63B24E891CF2D92900DD6199 /* back@2x.png */,
				63B24E8A1CF2D92900DD6199 /* back@3x.png */,
				63B24E8B1CF2D92900DD6199 /* LTWebViewController.h */,
				63B24E8C1CF2D92900DD6199 /* LTWebViewController.m */,
			);
			path = LTWebViewController;
			sourceTree = "<group>";
		};
		63B24E8D1CF2D92900DD6199 /* UIBarButtonItem */ = {
			isa = PBXGroup;
			children = (
				63B24E8E1CF2D92900DD6199 /* UIBarButtonItem+LTItem.h */,
				63B24E8F1CF2D92900DD6199 /* UIBarButtonItem+LTItem.m */,
			);
			path = UIBarButtonItem;
			sourceTree = "<group>";
		};
		63B24E901CF2D92900DD6199 /* UIColor */ = {
			isa = PBXGroup;
			children = (
				63B24E911CF2D92900DD6199 /* UIColor+LTCommon.h */,
				63B24E921CF2D92900DD6199 /* UIColor+LTCommon.m */,
			);
			path = UIColor;
			sourceTree = "<group>";
		};
		63B24E931CF2D92900DD6199 /* UIDevice */ = {
			isa = PBXGroup;
			children = (
				63B24E941CF2D92900DD6199 /* LTIOFlowBytes.h */,
				63B24E951CF2D92900DD6199 /* LTIOFlowBytes.m */,
				63B24E961CF2D92900DD6199 /* UIDevice+LTCommon.h */,
				63B24E971CF2D92900DD6199 /* UIDevice+LTCommon.m */,
				63B24E981CF2D92900DD6199 /* UIDevice+LTNet.h */,
				63B24E991CF2D92900DD6199 /* UIDevice+LTNet.m */,
				63B24E9A1CF2D92900DD6199 /* UIDevice+LTUUID.h */,
				63B24E9B1CF2D92900DD6199 /* UIDevice+LTUUID.m */,
				63B24E9C1CF2D92900DD6199 /* wwanconnect.c */,
				63B24E9D1CF2D92900DD6199 /* wwanconnect.h */,
			);
			path = UIDevice;
			sourceTree = "<group>";
		};
		63B24E9E1CF2D92900DD6199 /* UIImage */ = {
			isa = PBXGroup;
			children = (
				63B24E9F1CF2D92900DD6199 /* UIImage+LTCommon.h */,
				63B24EA01CF2D92900DD6199 /* UIImage+LTCommon.m */,
			);
			path = UIImage;
			sourceTree = "<group>";
		};
		63B24EA11CF2D92900DD6199 /* UIView */ = {
			isa = PBXGroup;
			children = (
				63B24EA21CF2D92900DD6199 /* UIView+LTCommon.h */,
				63B24EA31CF2D92900DD6199 /* UIView+LTCommon.m */,
				63B24EA41CF2D92900DD6199 /* UIView+LTTransform.h */,
				63B24EA51CF2D92900DD6199 /* UIView+LTTransform.m */,
			);
			path = UIView;
			sourceTree = "<group>";
		};
		63B24EA61CF2D92900DD6199 /* UIViewController */ = {
			isa = PBXGroup;
			children = (
				63B24EA71CF2D92900DD6199 /* UIViewController+LTUtil.h */,
				63B24EA81CF2D92900DD6199 /* UIViewController+LTUtil.m */,
			);
			path = UIViewController;
			sourceTree = "<group>";
		};
		63B24EAA1CF2D92900DD6199 /* NSVC */ = {
			isa = PBXGroup;
			children = (
				63B24EAB1CF2D92900DD6199 /* NSDataVC */,
				63B24EAE1CF2D92900DD6199 /* NSDateVC */,
				63B24EB11CF2D92900DD6199 /* NSStringVC */,
			);
			path = NSVC;
			sourceTree = "<group>";
		};
		63B24EAB1CF2D92900DD6199 /* NSDataVC */ = {
			isa = PBXGroup;
			children = (
				63B24EAC1CF2D92900DD6199 /* NSDataVC.h */,
				63B24EAD1CF2D92900DD6199 /* NSDataVC.m */,
			);
			path = NSDataVC;
			sourceTree = "<group>";
		};
		63B24EAE1CF2D92900DD6199 /* NSDateVC */ = {
			isa = PBXGroup;
			children = (
				63B24EAF1CF2D92900DD6199 /* NSDateVC.h */,
				63B24EB01CF2D92900DD6199 /* NSDateVC.m */,
			);
			path = NSDateVC;
			sourceTree = "<group>";
		};
		63B24EB11CF2D92900DD6199 /* NSStringVC */ = {
			isa = PBXGroup;
			children = (
				63B24EB21CF2D92900DD6199 /* NSStringVC.h */,
				63B24EB31CF2D92900DD6199 /* NSStringVC.m */,
				63B24EB41CF2D92900DD6199 /* NSStringVC.xib */,
			);
			path = NSStringVC;
			sourceTree = "<group>";
		};
		63B24EB51CF2D92900DD6199 /* OtherVC */ = {
			isa = PBXGroup;
			children = (
				63B24EB61CF2D92900DD6199 /* ContactsUIUtilVC */,
				63B24EBA1CF2D92900DD6199 /* ContactsUtilVC */,
				63B24EBD1CF2D92900DD6199 /* InstallProcessLV */,
				63B24EC01CF2D92900DD6199 /* PickerViewVC */,
			);
			path = OtherVC;
			sourceTree = "<group>";
		};
		63B24EB61CF2D92900DD6199 /* ContactsUIUtilVC */ = {
			isa = PBXGroup;
			children = (
				63B24EB71CF2D92900DD6199 /* ContactsUIUtilVC.h */,
				63B24EB81CF2D92900DD6199 /* ContactsUIUtilVC.m */,
				63B24EB91CF2D92900DD6199 /* ContactsUIUtilVC.xib */,
			);
			path = ContactsUIUtilVC;
			sourceTree = "<group>";
		};
		63B24EBA1CF2D92900DD6199 /* ContactsUtilVC */ = {
			isa = PBXGroup;
			children = (
				63B24EBB1CF2D92900DD6199 /* ContactsUtilVC.h */,
				63B24EBC1CF2D92900DD6199 /* ContactsUtilVC.m */,
			);
			path = ContactsUtilVC;
			sourceTree = "<group>";
		};
		63B24EBD1CF2D92900DD6199 /* InstallProcessLV */ = {
			isa = PBXGroup;
			children = (
				63B24EBE1CF2D92900DD6199 /* InstallProcessLV.h */,
				63B24EBF1CF2D92900DD6199 /* InstallProcessLV.m */,
			);
			path = InstallProcessLV;
			sourceTree = "<group>";
		};
		63B24EC01CF2D92900DD6199 /* PickerViewVC */ = {
			isa = PBXGroup;
			children = (
				63B24EC11CF2D92900DD6199 /* PickerViewVC.h */,
				63B24EC21CF2D92900DD6199 /* PickerViewVC.m */,
			);
			path = PickerViewVC;
			sourceTree = "<group>";
		};
		63B24EC31CF2D92900DD6199 /* UIVC */ = {
			isa = PBXGroup;
			children = (
				63B24EC41CF2D92900DD6199 /* DemoWebViewController */,
				63B24EC91CF2D92900DD6199 /* LTWebViewVC */,
			);
			path = UIVC;
			sourceTree = "<group>";
		};
		63B24EC41CF2D92900DD6199 /* DemoWebViewController */ = {
			isa = PBXGroup;
			children = (
				63B24EC51CF2D92900DD6199 /* DemoWebViewController.h */,
				63B24EC61CF2D92900DD6199 /* DemoWebViewController.m */,
				63B24EC71CF2D92900DD6199 /* LTWebViewVCTest.h */,
				63B24EC81CF2D92900DD6199 /* LTWebViewVCTest.m */,
			);
			path = DemoWebViewController;
			sourceTree = "<group>";
		};
		63B24EC91CF2D92900DD6199 /* LTWebViewVC */ = {
			isa = PBXGroup;
			children = (
				63B24ECA1CF2D92900DD6199 /* LTWebViewVC.h */,
				63B24ECB1CF2D92900DD6199 /* LTWebViewVC.m */,
			);
			path = LTWebViewVC;
			sourceTree = "<group>";
		};
		6ACCE7581108BB6566D5D106 /* Pods */ = {
			isa = PBXGroup;
			children = (
				38A919E37225DF8C1A08CA6D /* Pods.debug.xcconfig */,
				6AA9566431BE37D8CEEB6B9D /* Pods.release.xcconfig */,
			);
			name = Pods;
			sourceTree = "<group>";
		};
		C9AEC221F764B677E83958ED /* Frameworks */ = {
			isa = PBXGroup;
			children = (
				634485841CB4F4650095175D /* WebKit.framework */,
				D21700C250717F72580A298C /* libPods.a */,
			);
			name = Frameworks;
			sourceTree = "<group>";
		};
/* End PBXGroup section */

/* Begin PBXNativeTarget section */
		6344849E1CB4D10D0095175D /* LTTools */ = {
			isa = PBXNativeTarget;
			buildConfigurationList = 634484CC1CB4D10D0095175D /* Build configuration list for PBXNativeTarget "LTTools" */;
			buildPhases = (
				A9E0A2DBBA41FEB9DE5CDEC4 /* Check Pods Manifest.lock */,
				6344849B1CB4D10D0095175D /* Sources */,
				6344849C1CB4D10D0095175D /* Frameworks */,
				6344849D1CB4D10D0095175D /* Resources */,
				C352F30BBD1FDFF93DC7AF32 /* Embed Pods Frameworks */,
				DF689F9370C69C7E7DD2AEFC /* Copy Pods Resources */,
			);
			buildRules = (
			);
			dependencies = (
			);
			name = LTTools;
			productName = LTTools;
			productReference = 6344849F1CB4D10D0095175D /* LTTools.app */;
			productType = "com.apple.product-type.application";
		};
		634484B71CB4D10D0095175D /* LTToolsTests */ = {
			isa = PBXNativeTarget;
			buildConfigurationList = 634484CF1CB4D10D0095175D /* Build configuration list for PBXNativeTarget "LTToolsTests" */;
			buildPhases = (
				634484B41CB4D10D0095175D /* Sources */,
				634484B51CB4D10D0095175D /* Frameworks */,
				634484B61CB4D10D0095175D /* Resources */,
			);
			buildRules = (
			);
			dependencies = (
				634484BA1CB4D10D0095175D /* PBXTargetDependency */,
			);
			name = LTToolsTests;
			productName = LTToolsTests;
			productReference = 634484B81CB4D10D0095175D /* LTToolsTests.xctest */;
			productType = "com.apple.product-type.bundle.unit-test";
		};
		634484C21CB4D10D0095175D /* LTToolsUITests */ = {
			isa = PBXNativeTarget;
			buildConfigurationList = 634484D21CB4D10D0095175D /* Build configuration list for PBXNativeTarget "LTToolsUITests" */;
			buildPhases = (
				634484BF1CB4D10D0095175D /* Sources */,
				634484C01CB4D10D0095175D /* Frameworks */,
				634484C11CB4D10D0095175D /* Resources */,
			);
			buildRules = (
			);
			dependencies = (
				634484C51CB4D10D0095175D /* PBXTargetDependency */,
			);
			name = LTToolsUITests;
			productName = LTToolsUITests;
			productReference = 634484C31CB4D10D0095175D /* LTToolsUITests.xctest */;
			productType = "com.apple.product-type.bundle.ui-testing";
		};
/* End PBXNativeTarget section */

/* Begin PBXProject section */
		634484971CB4D10D0095175D /* Project object */ = {
			isa = PBXProject;
			attributes = {
				LastUpgradeCheck = 0720;
				ORGANIZATIONNAME = yelon;
				TargetAttributes = {
					6344849E1CB4D10D0095175D = {
						CreatedOnToolsVersion = 7.2.1;
					};
					634484B71CB4D10D0095175D = {
						CreatedOnToolsVersion = 7.2.1;
						TestTargetID = 6344849E1CB4D10D0095175D;
					};
					634484C21CB4D10D0095175D = {
						CreatedOnToolsVersion = 7.2.1;
						TestTargetID = 6344849E1CB4D10D0095175D;
					};
				};
			};
			buildConfigurationList = 6344849A1CB4D10D0095175D /* Build configuration list for PBXProject "LTTools" */;
			compatibilityVersion = "Xcode 3.2";
			developmentRegion = English;
			hasScannedForEncodings = 0;
			knownRegions = (
				en,
				Base,
			);
			mainGroup = 634484961CB4D10D0095175D;
			productRefGroup = 634484A01CB4D10D0095175D /* Products */;
			projectDirPath = "";
			projectRoot = "";
			targets = (
				6344849E1CB4D10D0095175D /* LTTools */,
				634484B71CB4D10D0095175D /* LTToolsTests */,
				634484C21CB4D10D0095175D /* LTToolsUITests */,
			);
		};
/* End PBXProject section */

/* Begin PBXResourcesBuildPhase section */
		6344849D1CB4D10D0095175D /* Resources */ = {
			isa = PBXResourcesBuildPhase;
			buildActionMask = 2147483647;
			files = (
				63B24F081CF2D92900DD6199 /* NSStringVC.xib in Resources */,
				63B24ECF1CF2D92900DD6199 /* Assets.xcassets in Resources */,
				63B24EF51CF2D92900DD6199 /* back.png in Resources */,
				63B24F0A1CF2D92900DD6199 /* ContactsUIUtilVC.xib in Resources */,
				63B24ED01CF2D92900DD6199 /* LaunchScreen.storyboard in Resources */,
				63B24ED31CF2D92900DD6199 /* ListKind.plist in Resources */,
				63B24EF71CF2D92900DD6199 /* back@3x.png in Resources */,
				63B24ED21CF2D92900DD6199 /* Info.plist in Resources */,
				63B24EF61CF2D92900DD6199 /* back@2x.png in Resources */,
			);
			runOnlyForDeploymentPostprocessing = 0;
		};
		634484B61CB4D10D0095175D /* Resources */ = {
			isa = PBXResourcesBuildPhase;
			buildActionMask = 2147483647;
			files = (
			);
			runOnlyForDeploymentPostprocessing = 0;
		};
		634484C11CB4D10D0095175D /* Resources */ = {
			isa = PBXResourcesBuildPhase;
			buildActionMask = 2147483647;
			files = (
			);
			runOnlyForDeploymentPostprocessing = 0;
		};
/* End PBXResourcesBuildPhase section */

/* Begin PBXShellScriptBuildPhase section */
		A9E0A2DBBA41FEB9DE5CDEC4 /* Check Pods Manifest.lock */ = {
			isa = PBXShellScriptBuildPhase;
			buildActionMask = 2147483647;
			files = (
			);
			inputPaths = (
			);
			name = "Check Pods Manifest.lock";
			outputPaths = (
			);
			runOnlyForDeploymentPostprocessing = 0;
			shellPath = /bin/sh;
			shellScript = "diff \"${PODS_ROOT}/../Podfile.lock\" \"${PODS_ROOT}/Manifest.lock\" > /dev/null\nif [[ $? != 0 ]] ; then\n    cat << EOM\nerror: The sandbox is not in sync with the Podfile.lock. Run 'pod install' or update your CocoaPods installation.\nEOM\n    exit 1\nfi\n";
			showEnvVarsInLog = 0;
		};
		C352F30BBD1FDFF93DC7AF32 /* Embed Pods Frameworks */ = {
			isa = PBXShellScriptBuildPhase;
			buildActionMask = 2147483647;
			files = (
			);
			inputPaths = (
			);
			name = "Embed Pods Frameworks";
			outputPaths = (
			);
			runOnlyForDeploymentPostprocessing = 0;
			shellPath = /bin/sh;
			shellScript = "\"${SRCROOT}/Pods/Target Support Files/Pods/Pods-frameworks.sh\"\n";
			showEnvVarsInLog = 0;
		};
		DF689F9370C69C7E7DD2AEFC /* Copy Pods Resources */ = {
			isa = PBXShellScriptBuildPhase;
			buildActionMask = 2147483647;
			files = (
			);
			inputPaths = (
			);
			name = "Copy Pods Resources";
			outputPaths = (
			);
			runOnlyForDeploymentPostprocessing = 0;
			shellPath = /bin/sh;
			shellScript = "\"${SRCROOT}/Pods/Target Support Files/Pods/Pods-resources.sh\"\n";
			showEnvVarsInLog = 0;
		};
/* End PBXShellScriptBuildPhase section */

/* Begin PBXSourcesBuildPhase section */
		6344849B1CB4D10D0095175D /* Sources */ = {
			isa = PBXSourcesBuildPhase;
			buildActionMask = 2147483647;
			files = (
				63B24F0D1CF2D92900DD6199 /* PickerViewVC.m in Sources */,
				63B24EE81CF2D92900DD6199 /* LTOpenSettings.m in Sources */,
				63B24F0C1CF2D92900DD6199 /* InstallProcessLV.m in Sources */,
				63B24ED61CF2D92900DD6199 /* NSObject+LTCommon.m in Sources */,
				63B24F0E1CF2D92900DD6199 /* DemoWebViewController.m in Sources */,
				63B24EFE1CF2D92900DD6199 /* UIDevice+LTUUID.m in Sources */,
				63B24EDD1CF2D92900DD6199 /* LTAddressBookSelect.m in Sources */,
				63B24ED91CF2D92900DD6199 /* NSString+LTJson.m in Sources */,
				63B24EE51CF2D92900DD6199 /* LTInstallProcess.m in Sources */,
				63B24EE01CF2D92900DD6199 /* LTAddressBookStore.m in Sources */,
				63B24EFD1CF2D92900DD6199 /* UIDevice+LTNet.m in Sources */,
				63B24EE31CF2D92900DD6199 /* LTContactStore.m in Sources */,
				63B24F021CF2D92900DD6199 /* UIView+LTTransform.m in Sources */,
				63B24EEE1CF2D92900DD6199 /* LTSMSButton.m in Sources */,
				63B24F061CF2D92900DD6199 /* NSDateVC.m in Sources */,
				63B24EEA1CF2D92900DD6199 /* PickerViewController.m in Sources */,
				63B24EF11CF2D92900DD6199 /* LTCipherText.m in Sources */,
				63B24EEF1CF2D92900DD6199 /* LTAlertView.m in Sources */,
				63B24EF21CF2D92900DD6199 /* LTLoadingView.m in Sources */,
				63B24EF01CF2D92900DD6199 /* LTBadgeView.m in Sources */,
				63B24ED41CF2D92900DD6199 /* NSData+LTCommon.m in Sources */,
				63B24EFB1CF2D92900DD6199 /* LTIOFlowBytes.m in Sources */,
				63B24EFF1CF2D92900DD6199 /* wwanconnect.c in Sources */,
				63B24EE41CF2D92900DD6199 /* LTContactsUtil.m in Sources */,
				63B24F071CF2D92900DD6199 /* NSStringVC.m in Sources */,
				63B24EE21CF2D92900DD6199 /* LTContactsInfo.m in Sources */,
				63B24EFA1CF2D92900DD6199 /* UIColor+LTCommon.m in Sources */,
				63B24F041CF2D92900DD6199 /* main.m in Sources */,
				63B24EF91CF2D92900DD6199 /* UIBarButtonItem+LTItem.m in Sources */,
				63B24EE11CF2D92900DD6199 /* LTContactsBase.m in Sources */,
				63B24ED51CF2D92900DD6199 /* NSDate+LTFormatter.m in Sources */,
				63B24EED1CF2D92900DD6199 /* LTButton.m in Sources */,
				63B24EE61CF2D92900DD6199 /* LTLocation.m in Sources */,
				63B24EDE1CF2D92900DD6199 /* LTContactSelect.m in Sources */,
				63B24F051CF2D92900DD6199 /* NSDataVC.m in Sources */,
				63B24EFC1CF2D92900DD6199 /* UIDevice+LTCommon.m in Sources */,
				63B24F0F1CF2D92900DD6199 /* LTWebViewVCTest.m in Sources */,
				63B24ECE1CF2D92900DD6199 /* AppDelegate.m in Sources */,
				63B24EDB1CF2D92900DD6199 /* NSString+LTRex.m in Sources */,
				63B24EDF1CF2D92900DD6199 /* LTContactsUIUtil.m in Sources */,
				63B24F0B1CF2D92900DD6199 /* ContactsUtilVC.m in Sources */,
				63B24EDC1CF2D92900DD6199 /* NSString+LTTransform.m in Sources */,
				63B24EE91CF2D92900DD6199 /* LTPickerView.m in Sources */,
				63B24ED81CF2D92900DD6199 /* NSString+LTEncryption.m in Sources */,
				63B24EEC1CF2D92900DD6199 /* LTRequest.m in Sources */,
				63B24F011CF2D92900DD6199 /* UIView+LTCommon.m in Sources */,
				63B24EE71CF2D92900DD6199 /* LTLocalNotification.m in Sources */,
				63B24F111CF2D92900DD6199 /* ViewController.m in Sources */,
				63B24EF81CF2D92900DD6199 /* LTWebViewController.m in Sources */,
				63B24EDA1CF2D92900DD6199 /* NSString+LTLocalizedString.m in Sources */,
				63B24F001CF2D92900DD6199 /* UIImage+LTCommon.m in Sources */,
				63B24EF31CF2D92900DD6199 /* LTTitleActivityView.m in Sources */,
				63B24ED71CF2D92900DD6199 /* NSString+html.m in Sources */,
				63B24F031CF2D92900DD6199 /* UIViewController+LTUtil.m in Sources */,
				63B24ED11CF2D92900DD6199 /* BaseViewController.m in Sources */,
				63B24F091CF2D92900DD6199 /* ContactsUIUtilVC.m in Sources */,
				63B24EEB1CF2D92900DD6199 /* LTPlistReader.m in Sources */,
				63B24F101CF2D92900DD6199 /* LTWebViewVC.m in Sources */,
				63B24EF41CF2D92900DD6199 /* LTWebView.m in Sources */,
			);
			runOnlyForDeploymentPostprocessing = 0;
		};
		634484B41CB4D10D0095175D /* Sources */ = {
			isa = PBXSourcesBuildPhase;
			buildActionMask = 2147483647;
			files = (
				634484BD1CB4D10D0095175D /* LTToolsTests.m in Sources */,
			);
			runOnlyForDeploymentPostprocessing = 0;
		};
		634484BF1CB4D10D0095175D /* Sources */ = {
			isa = PBXSourcesBuildPhase;
			buildActionMask = 2147483647;
			files = (
				634484C81CB4D10D0095175D /* LTToolsUITests.m in Sources */,
			);
			runOnlyForDeploymentPostprocessing = 0;
		};
/* End PBXSourcesBuildPhase section */

/* Begin PBXTargetDependency section */
		634484BA1CB4D10D0095175D /* PBXTargetDependency */ = {
			isa = PBXTargetDependency;
			target = 6344849E1CB4D10D0095175D /* LTTools */;
			targetProxy = 634484B91CB4D10D0095175D /* PBXContainerItemProxy */;
		};
		634484C51CB4D10D0095175D /* PBXTargetDependency */ = {
			isa = PBXTargetDependency;
			target = 6344849E1CB4D10D0095175D /* LTTools */;
			targetProxy = 634484C41CB4D10D0095175D /* PBXContainerItemProxy */;
		};
/* End PBXTargetDependency section */

/* Begin PBXVariantGroup section */
		63B24E221CF2D92900DD6199 /* LaunchScreen.storyboard */ = {
			isa = PBXVariantGroup;
			children = (
				63B24E231CF2D92900DD6199 /* Base */,
			);
			name = LaunchScreen.storyboard;
			sourceTree = "<group>";
		};
/* End PBXVariantGroup section */

/* Begin XCBuildConfiguration section */
		634484CA1CB4D10D0095175D /* Debug */ = {
			isa = XCBuildConfiguration;
			buildSettings = {
				ALWAYS_SEARCH_USER_PATHS = NO;
				CLANG_CXX_LANGUAGE_STANDARD = "gnu++0x";
				CLANG_CXX_LIBRARY = "libc++";
				CLANG_ENABLE_MODULES = YES;
				CLANG_ENABLE_OBJC_ARC = YES;
				CLANG_WARN_BOOL_CONVERSION = YES;
				CLANG_WARN_CONSTANT_CONVERSION = YES;
				CLANG_WARN_DIRECT_OBJC_ISA_USAGE = YES_ERROR;
				CLANG_WARN_EMPTY_BODY = YES;
				CLANG_WARN_ENUM_CONVERSION = YES;
				CLANG_WARN_INT_CONVERSION = YES;
				CLANG_WARN_OBJC_ROOT_CLASS = YES_ERROR;
				CLANG_WARN_UNREACHABLE_CODE = YES;
				CLANG_WARN__DUPLICATE_METHOD_MATCH = YES;
				"CODE_SIGN_IDENTITY[sdk=iphoneos*]" = "iPhone Developer";
				COPY_PHASE_STRIP = NO;
				DEBUG_INFORMATION_FORMAT = dwarf;
				ENABLE_STRICT_OBJC_MSGSEND = YES;
				ENABLE_TESTABILITY = YES;
				GCC_C_LANGUAGE_STANDARD = gnu99;
				GCC_DYNAMIC_NO_PIC = NO;
				GCC_NO_COMMON_BLOCKS = YES;
				GCC_OPTIMIZATION_LEVEL = 0;
				GCC_PREPROCESSOR_DEFINITIONS = (
					"DEBUG=1",
					"$(inherited)",
				);
				GCC_WARN_64_TO_32_BIT_CONVERSION = YES;
				GCC_WARN_ABOUT_RETURN_TYPE = YES_ERROR;
				GCC_WARN_UNDECLARED_SELECTOR = YES;
				GCC_WARN_UNINITIALIZED_AUTOS = YES_AGGRESSIVE;
				GCC_WARN_UNUSED_FUNCTION = YES;
				GCC_WARN_UNUSED_VARIABLE = YES;
				IPHONEOS_DEPLOYMENT_TARGET = 9.2;
				MTL_ENABLE_DEBUG_INFO = YES;
				ONLY_ACTIVE_ARCH = YES;
				SDKROOT = iphoneos;
			};
			name = Debug;
		};
		634484CB1CB4D10D0095175D /* Release */ = {
			isa = XCBuildConfiguration;
			buildSettings = {
				ALWAYS_SEARCH_USER_PATHS = NO;
				CLANG_CXX_LANGUAGE_STANDARD = "gnu++0x";
				CLANG_CXX_LIBRARY = "libc++";
				CLANG_ENABLE_MODULES = YES;
				CLANG_ENABLE_OBJC_ARC = YES;
				CLANG_WARN_BOOL_CONVERSION = YES;
				CLANG_WARN_CONSTANT_CONVERSION = YES;
				CLANG_WARN_DIRECT_OBJC_ISA_USAGE = YES_ERROR;
				CLANG_WARN_EMPTY_BODY = YES;
				CLANG_WARN_ENUM_CONVERSION = YES;
				CLANG_WARN_INT_CONVERSION = YES;
				CLANG_WARN_OBJC_ROOT_CLASS = YES_ERROR;
				CLANG_WARN_UNREACHABLE_CODE = YES;
				CLANG_WARN__DUPLICATE_METHOD_MATCH = YES;
				"CODE_SIGN_IDENTITY[sdk=iphoneos*]" = "iPhone Developer";
				COPY_PHASE_STRIP = NO;
				DEBUG_INFORMATION_FORMAT = "dwarf-with-dsym";
				ENABLE_NS_ASSERTIONS = NO;
				ENABLE_STRICT_OBJC_MSGSEND = YES;
				GCC_C_LANGUAGE_STANDARD = gnu99;
				GCC_NO_COMMON_BLOCKS = YES;
				GCC_WARN_64_TO_32_BIT_CONVERSION = YES;
				GCC_WARN_ABOUT_RETURN_TYPE = YES_ERROR;
				GCC_WARN_UNDECLARED_SELECTOR = YES;
				GCC_WARN_UNINITIALIZED_AUTOS = YES_AGGRESSIVE;
				GCC_WARN_UNUSED_FUNCTION = YES;
				GCC_WARN_UNUSED_VARIABLE = YES;
				IPHONEOS_DEPLOYMENT_TARGET = 9.2;
				MTL_ENABLE_DEBUG_INFO = NO;
				SDKROOT = iphoneos;
				VALIDATE_PRODUCT = YES;
			};
			name = Release;
		};
		634484CD1CB4D10D0095175D /* Debug */ = {
			isa = XCBuildConfiguration;
			baseConfigurationReference = 38A919E37225DF8C1A08CA6D /* Pods.debug.xcconfig */;
			buildSettings = {
				ASSETCATALOG_COMPILER_APPICON_NAME = AppIcon;
				FRAMEWORK_SEARCH_PATHS = (
					"$(inherited)",
					"$(SDKROOT)$(SYSTEM_LIBRARY_DIR)/PrivateFrameworks",
				);
				INFOPLIST_FILE = LTTools/Info.plist;
				IPHONEOS_DEPLOYMENT_TARGET = 6.0;
				LD_RUNPATH_SEARCH_PATHS = "$(inherited) @executable_path/Frameworks";
				PRODUCT_BUNDLE_IDENTIFIER = com.yelon.LTTools;
				PRODUCT_NAME = "$(TARGET_NAME)";
			};
			name = Debug;
		};
		634484CE1CB4D10D0095175D /* Release */ = {
			isa = XCBuildConfiguration;
			baseConfigurationReference = 6AA9566431BE37D8CEEB6B9D /* Pods.release.xcconfig */;
			buildSettings = {
				ASSETCATALOG_COMPILER_APPICON_NAME = AppIcon;
				FRAMEWORK_SEARCH_PATHS = (
					"$(inherited)",
					"$(SDKROOT)$(SYSTEM_LIBRARY_DIR)/PrivateFrameworks",
				);
				INFOPLIST_FILE = LTTools/Info.plist;
				IPHONEOS_DEPLOYMENT_TARGET = 6.0;
				LD_RUNPATH_SEARCH_PATHS = "$(inherited) @executable_path/Frameworks";
				PRODUCT_BUNDLE_IDENTIFIER = com.yelon.LTTools;
				PRODUCT_NAME = "$(TARGET_NAME)";
			};
			name = Release;
		};
		634484D01CB4D10D0095175D /* Debug */ = {
			isa = XCBuildConfiguration;
			buildSettings = {
				BUNDLE_LOADER = "$(TEST_HOST)";
				INFOPLIST_FILE = LTToolsTests/Info.plist;
				LD_RUNPATH_SEARCH_PATHS = "$(inherited) @executable_path/Frameworks @loader_path/Frameworks";
				PRODUCT_BUNDLE_IDENTIFIER = com.yelon.LTToolsTests;
				PRODUCT_NAME = "$(TARGET_NAME)";
				TEST_HOST = "$(BUILT_PRODUCTS_DIR)/LTTools.app/LTTools";
			};
			name = Debug;
		};
		634484D11CB4D10D0095175D /* Release */ = {
			isa = XCBuildConfiguration;
			buildSettings = {
				BUNDLE_LOADER = "$(TEST_HOST)";
				INFOPLIST_FILE = LTToolsTests/Info.plist;
				LD_RUNPATH_SEARCH_PATHS = "$(inherited) @executable_path/Frameworks @loader_path/Frameworks";
				PRODUCT_BUNDLE_IDENTIFIER = com.yelon.LTToolsTests;
				PRODUCT_NAME = "$(TARGET_NAME)";
				TEST_HOST = "$(BUILT_PRODUCTS_DIR)/LTTools.app/LTTools";
			};
			name = Release;
		};
		634484D31CB4D10D0095175D /* Debug */ = {
			isa = XCBuildConfiguration;
			buildSettings = {
				INFOPLIST_FILE = LTToolsUITests/Info.plist;
				LD_RUNPATH_SEARCH_PATHS = "$(inherited) @executable_path/Frameworks @loader_path/Frameworks";
				PRODUCT_BUNDLE_IDENTIFIER = com.yelon.LTToolsUITests;
				PRODUCT_NAME = "$(TARGET_NAME)";
				TEST_TARGET_NAME = LTTools;
				USES_XCTRUNNER = YES;
			};
			name = Debug;
		};
		634484D41CB4D10D0095175D /* Release */ = {
			isa = XCBuildConfiguration;
			buildSettings = {
				INFOPLIST_FILE = LTToolsUITests/Info.plist;
				LD_RUNPATH_SEARCH_PATHS = "$(inherited) @executable_path/Frameworks @loader_path/Frameworks";
				PRODUCT_BUNDLE_IDENTIFIER = com.yelon.LTToolsUITests;
				PRODUCT_NAME = "$(TARGET_NAME)";
				TEST_TARGET_NAME = LTTools;
				USES_XCTRUNNER = YES;
			};
			name = Release;
		};
/* End XCBuildConfiguration section */

/* Begin XCConfigurationList section */
		6344849A1CB4D10D0095175D /* Build configuration list for PBXProject "LTTools" */ = {
			isa = XCConfigurationList;
			buildConfigurations = (
				634484CA1CB4D10D0095175D /* Debug */,
				634484CB1CB4D10D0095175D /* Release */,
			);
			defaultConfigurationIsVisible = 0;
			defaultConfigurationName = Release;
		};
		634484CC1CB4D10D0095175D /* Build configuration list for PBXNativeTarget "LTTools" */ = {
			isa = XCConfigurationList;
			buildConfigurations = (
				634484CD1CB4D10D0095175D /* Debug */,
				634484CE1CB4D10D0095175D /* Release */,
			);
			defaultConfigurationIsVisible = 0;
			defaultConfigurationName = Release;
		};
		634484CF1CB4D10D0095175D /* Build configuration list for PBXNativeTarget "LTToolsTests" */ = {
			isa = XCConfigurationList;
			buildConfigurations = (
				634484D01CB4D10D0095175D /* Debug */,
				634484D11CB4D10D0095175D /* Release */,
			);
			defaultConfigurationIsVisible = 0;
			defaultConfigurationName = Release;
		};
		634484D21CB4D10D0095175D /* Build configuration list for PBXNativeTarget "LTToolsUITests" */ = {
			isa = XCConfigurationList;
			buildConfigurations = (
				634484D31CB4D10D0095175D /* Debug */,
				634484D41CB4D10D0095175D /* Release */,
			);
			defaultConfigurationIsVisible = 0;
			defaultConfigurationName = Release;
		};
/* End XCConfigurationList section */
	};
	rootObject = 634484971CB4D10D0095175D /* Project object */;
}
